{
  "name": "my-app",
  "version": "0.1.0",
  "lockfileVersion": 1,
  "requires": true,
  "dependencies": {
    "react-jw-player": {
      "version": "1.18.1",
      "resolved": "https://registry.npmjs.org/react-jw-player/-/react-jw-player-1.18.1.tgz",
      "integrity": "sha512-QnTI9oQxj7z+iCwm4Yf9wbZUMft+RPNshWyor3SjPWPr+xXkHiVThSPVswYBRW/s6jn0QNRt6rVTn2hwYqi6sQ=="
    }
  }
}
